
Microsoft Visual Studio Solution File, Format Version 12.00
# Visual Studio Version 17
VisualStudioVersion = 17.14.36401.2 d17.14
MinimumVisualStudioVersion = 10.0.40219.1
Project("{FAE04EC0-301F-11D3-BF4B-00C04F79EFBC}") = "RandomCaseManager", "RandomCaseManager\RandomCaseManager.csproj", "{3FAAA589-37F7-411E-A503-FEC047F1F37A}"
EndProject
Global
	GlobalSection(SolutionConfigurationPlatforms) = preSolution
		Debug|Any CPU = Debug|Any CPU
		EFMigration|Any CPU = EFMigration|Any CPU
		Release|Any CPU = Release|Any CPU
	EndGlobalSection
	GlobalSection(ProjectConfigurationPlatforms) = postSolution
		{3FAAA589-37F7-411E-A503-FEC047F1F37A}.Debug|Any CPU.ActiveCfg = Debug|Any CPU
		{3FAAA589-37F7-411E-A503-FEC047F1F37A}.Debug|Any CPU.Build.0 = Debug|Any CPU
		{3FAAA589-37F7-411E-A503-FEC047F1F37A}.EFMigration|Any CPU.ActiveCfg = EFMigration|Any CPU
		{3FAAA589-37F7-411E-A503-FEC047F1F37A}.EFMigration|Any CPU.Build.0 = EFMigration|Any CPU
		{3FAAA589-37F7-411E-A503-FEC047F1F37A}.Release|Any CPU.ActiveCfg = Release|Any CPU
		{3FAAA589-37F7-411E-A503-FEC047F1F37A}.Release|Any CPU.Build.0 = Release|Any CPU
	EndGlobalSection
	GlobalSection(SolutionProperties) = preSolution
		HideSolutionNode = FALSE
	EndGlobalSection
	GlobalSection(ExtensibilityGlobals) = postSolution
		SolutionGuid = {DC328188-A797-4AE1-BF5E-BF512090ACFC}
	EndGlobalSection
EndGlobal
